Microsoft Visual Studio Solution File, Format Version 12.00
# Visual Studio Version 17
VisualStudioVersion = 17.5.2.0
MinimumVisualStudioVersion = 10.0.40219.1
Project("{FAE04EC0-301F-11D3-BF4B-00C04F79EFBC}") = "Viaproxima.Web", "Viaproxima.Web.csproj", "{C7D1F565-B053-6309-B509-86B3186DCC1E}"
EndProject
Global
	GlobalSection(SolutionConfigurationPlatforms) = preSolution
		Debug|Any CPU = Debug|Any CPU
		Release|Any CPU = Release|Any CPU
	EndGlobalSection
	GlobalSection(ProjectConfigurationPlatforms) = postSolution
		{C7D1F565-B053-6309-B509-86B3186DCC1E}.Debug|Any CPU.ActiveCfg = Debug|Any CPU
		{C7D1F565-B053-6309-B509-86B3186DCC1E}.Debug|Any CPU.Build.0 = Debug|Any CPU
		{C7D1F565-B053-6309-B509-86B3186DCC1E}.Release|Any CPU.ActiveCfg = Release|Any CPU
		{C7D1F565-B053-6309-B509-86B3186DCC1E}.Release|Any CPU.Build.0 = Release|Any CPU
	EndGlobalSection
	GlobalSection(SolutionProperties) = preSolution
		HideSolutionNode = FALSE
	EndGlobalSection
	GlobalSection(ExtensibilityGlobals) = postSolution
		SolutionGuid = {1003683D-4FFA-4ECB-B253-DA40AB57DD8F}
	EndGlobalSection
EndGlobal
